
Microsoft Visual Studio Solution File, Format Version 12.00
# Visual Studio Version 16
VisualStudioVersion = 16.0.31911.196
MinimumVisualStudioVersion = 10.0.40219.1
Project("{8BC9CEB8-8B4A-11D0-8D11-00A0C91BC942}") = "LibMOMTranslate", "LibMOMTranslate\LibMOMTranslate.vcxproj", "{6488520A-80EF-42C1-908C-252F7FE56BCD}"
EndProject
Project("{8BC9CEB8-8B4A-11D0-8D11-00A0C91BC942}") = "LibMOMTranslateTests", "LibMOMTranslateTests\LibMOMTranslateTests.vcxproj", "{D3353DF4-8C75-4AB1-A3B8-8168043CFB85}"
EndProject
Project("{8BC9CEB8-8B4A-11D0-8D11-00A0C91BC942}") = "MOMTranslate-cli", "MOMTranslate-cli\MOMTranslate-cli.vcxproj", "{34C3A032-51EA-4EF7-8A54-F2349748C80D}"
EndProject
Project("{8BC9CEB8-8B4A-11D0-8D11-00A0C91BC942}") = "MOMTranslate-gui", "MOMTranslate-gui\MOMTranslate-gui.vcxproj", "{B9691E8A-EBDD-4174-B13E-7901A36A8343}"
EndProject
Global
	GlobalSection(SolutionConfigurationPlatforms) = preSolution
		Debug|x64 = Debug|x64
		Debug|x86 = Debug|x86
		Release|x64 = Release|x64
		Release|x86 = Release|x86
	EndGlobalSection
	GlobalSection(ProjectConfigurationPlatforms) = postSolution
		{6488520A-80EF-42C1-908C-252F7FE56BCD}.Debug|x64.ActiveCfg = Debug|x64
		{6488520A-80EF-42C1-908C-252F7FE56BCD}.Debug|x64.Build.0 = Debug|x64
		{6488520A-80EF-42C1-908C-252F7FE56BCD}.Debug|x86.ActiveCfg = Debug|Win32
		{6488520A-80EF-42C1-908C-252F7FE56BCD}.Debug|x86.Build.0 = Debug|Win32
		{6488520A-80EF-42C1-908C-252F7FE56BCD}.Release|x64.ActiveCfg = Release|x64
		{6488520A-80EF-42C1-908C-252F7FE56BCD}.Release|x64.Build.0 = Release|x64
		{6488520A-80EF-42C1-908C-252F7FE56BCD}.Release|x86.ActiveCfg = Release|Win32
		{6488520A-80EF-42C1-908C-252F7FE56BCD}.Release|x86.Build.0 = Release|Win32
		{D3353DF4-8C75-4AB1-A3B8-8168043CFB85}.Debug|x64.ActiveCfg = Debug|x64
		{D3353DF4-8C75-4AB1-A3B8-8168043CFB85}.Debug|x64.Build.0 = Debug|x64
		{D3353DF4-8C75-4AB1-A3B8-8168043CFB85}.Debug|x86.ActiveCfg = Debug|Win32
		{D3353DF4-8C75-4AB1-A3B8-8168043CFB85}.Debug|x86.Build.0 = Debug|Win32
		{D3353DF4-8C75-4AB1-A3B8-8168043CFB85}.Release|x64.ActiveCfg = Release|x64
		{D3353DF4-8C75-4AB1-A3B8-8168043CFB85}.Release|x64.Build.0 = Release|x64
		{D3353DF4-8C75-4AB1-A3B8-8168043CFB85}.Release|x86.ActiveCfg = Release|Win32
		{D3353DF4-8C75-4AB1-A3B8-8168043CFB85}.Release|x86.Build.0 = Release|Win32
		{34C3A032-51EA-4EF7-8A54-F2349748C80D}.Debug|x64.ActiveCfg = Debug|x64
		{34C3A032-51EA-4EF7-8A54-F2349748C80D}.Debug|x64.Build.0 = Debug|x64
		{34C3A032-51EA-4EF7-8A54-F2349748C80D}.Debug|x86.ActiveCfg = Debug|Win32
		{34C3A032-51EA-4EF7-8A54-F2349748C80D}.Debug|x86.Build.0 = Debug|Win32
		{34C3A032-51EA-4EF7-8A54-F2349748C80D}.Release|x64.ActiveCfg = Release|x64
		{34C3A032-51EA-4EF7-8A54-F2349748C80D}.Release|x64.Build.0 = Release|x64
		{34C3A032-51EA-4EF7-8A54-F2349748C80D}.Release|x86.ActiveCfg = Release|Win32
		{34C3A032-51EA-4EF7-8A54-F2349748C80D}.Release|x86.Build.0 = Release|Win32
		{B9691E8A-EBDD-4174-B13E-7901A36A8343}.Debug|x64.ActiveCfg = Debug|x64
		{B9691E8A-EBDD-4174-B13E-7901A36A8343}.Debug|x64.Build.0 = Debug|x64
		{B9691E8A-EBDD-4174-B13E-7901A36A8343}.Debug|x86.ActiveCfg = Debug|Win32
		{B9691E8A-EBDD-4174-B13E-7901A36A8343}.Debug|x86.Build.0 = Debug|Win32
		{B9691E8A-EBDD-4174-B13E-7901A36A8343}.Release|x64.ActiveCfg = Release|x64
		{B9691E8A-EBDD-4174-B13E-7901A36A8343}.Release|x64.Build.0 = Release|x64
		{B9691E8A-EBDD-4174-B13E-7901A36A8343}.Release|x86.ActiveCfg = Release|Win32
		{B9691E8A-EBDD-4174-B13E-7901A36A8343}.Release|x86.Build.0 = Release|Win32
	EndGlobalSection
	GlobalSection(SolutionProperties) = preSolution
		HideSolutionNode = FALSE
	EndGlobalSection
	GlobalSection(ExtensibilityGlobals) = postSolution
		SolutionGuid = {66265291-CC33-431E-8FFC-077C2F940236}
	EndGlobalSection
EndGlobal
